// !$*UTF8*$!
{
	archiveVersion = 1;
	classes = {
	};
	objectVersion = 56;
	objects = {

/* Begin PBXBuildFile section */
		BA534C912D0D7C7600705ACA /* RetryPolicy.swift in Sources */ = {isa = PBXBuildFile; fileRef = BA534C902D0D7C7600705ACA /* RetryPolicy.swift */; };
		BA534C932D0D7D0D00705ACA /* GitHubEndpoint.swift in Sources */ = {isa = PBXBuildFile; fileRef = BA534C922D0D7D0D00705ACA /* GitHubEndpoint.swift */; };
		BA534C952D0D7E9A00705ACA /* ResponseHandler.swift in Sources */ = {isa = PBXBuildFile; fileRef = BA534C942D0D7E9A00705ACA /* ResponseHandler.swift */; };
		BA534C972D0D7ECE00705ACA /* RequestBuilder.swift in Sources */ = {isa = PBXBuildFile; fileRef = BA534C962D0D7ECE00705ACA /* RequestBuilder.swift */; };
		BA534C992D0D7F5D00705ACA /* NetworkError.swift in Sources */ = {isa = PBXBuildFile; fileRef = BA534C982D0D7F5D00705ACA /* NetworkError.swift */; };
		BA534C9B2D0D851200705ACA /* GitHubUser.swift in Sources */ = {isa = PBXBuildFile; fileRef = BA534C9A2D0D851200705ACA /* GitHubUser.swift */; };
		BA534C9D2D0D89DD00705ACA /* GitHubUserDetail.swift in Sources */ = {isa = PBXBuildFile; fileRef = BA534C9C2D0D89DD00705ACA /* GitHubUserDetail.swift */; };
		BAC038A82D0B4E730033403D /* AppDelegate.swift in Sources */ = {isa = PBXBuildFile; fileRef = BAC038A72D0B4E730033403D /* AppDelegate.swift */; };
		BAC038AA2D0B4E730033403D /* SceneDelegate.swift in Sources */ = {isa = PBXBuildFile; fileRef = BAC038A92D0B4E730033403D /* SceneDelegate.swift */; };
		BAC038AC2D0B4E730033403D /* ViewController.swift in Sources */ = {isa = PBXBuildFile; fileRef = BAC038AB2D0B4E730033403D /* ViewController.swift */; };
		BAC038B12D0B4E730033403D /* Assets.xcassets in Resources */ = {isa = PBXBuildFile; fileRef = BAC038B02D0B4E730033403D /* Assets.xcassets */; };
		BAC038C22D0B4E940033403D /* MockCoreDataHelper.swift in Sources */ = {isa = PBXBuildFile; fileRef = BAC038BD2D0B4E940033403D /* MockCoreDataHelper.swift */; };
		BAC038C32D0B4E940033403D /* MockAPIService.swift in Sources */ = {isa = PBXBuildFile; fileRef = BAC038BE2D0B4E940033403D /* MockAPIService.swift */; };
		BAC038C42D0B4E940033403D /* UserDetailViewModelTests.swift in Sources */ = {isa = PBXBuildFile; fileRef = BAC038C02D0B4E940033403D /* UserDetailViewModelTests.swift */; };
		BAC038C52D0B4E940033403D /* UserListViewModelTests.swift in Sources */ = {isa = PBXBuildFile; fileRef = BAC038C12D0B4E940033403D /* UserListViewModelTests.swift */; };
		BAC038CA2D0B4EE40033403D /* AppCoordinator.swift in Sources */ = {isa = PBXBuildFile; fileRef = BAC038C82D0B4EE40033403D /* AppCoordinator.swift */; };
		BAC038CB2D0B4EE40033403D /* DIContainer.swift in Sources */ = {isa = PBXBuildFile; fileRef = BAC038C92D0B4EE40033403D /* DIContainer.swift */; };
		BAC038DC2D0B50130033403D /* NetworkManager.swift in Sources */ = {isa = PBXBuildFile; fileRef = BAC038DB2D0B50130033403D /* NetworkManager.swift */; };
		BAC038DE2D0B50210033403D /* NetworkServiceProtocol.swift in Sources */ = {isa = PBXBuildFile; fileRef = BAC038DD2D0B50210033403D /* NetworkServiceProtocol.swift */; };
		BAC038E02D0B50360033403D /* CoreDataHelper.swift in Sources */ = {isa = PBXBuildFile; fileRef = BAC038DF2D0B50360033403D /* CoreDataHelper.swift */; };
		BAC038E22D0B50430033403D /* CoreDataHelperProtocol.swift in Sources */ = {isa = PBXBuildFile; fileRef = BAC038E12D0B50430033403D /* CoreDataHelperProtocol.swift */; };
		BAC038E62D0B50660033403D /* UserCardView.swift in Sources */ = {isa = PBXBuildFile; fileRef = BAC038E52D0B50660033403D /* UserCardView.swift */; };
		D0AD727AA1BEF40F2F9E947E /* Pods_GitHubUserInfo_NhungNguyen.framework in Frameworks */ = {isa = PBXBuildFile; fileRef = 080ED8692B1F798269B6823F /* Pods_GitHubUserInfo_NhungNguyen.framework */; };
/* End PBXBuildFile section */

/* Begin PBXFileReference section */
		080ED8692B1F798269B6823F /* Pods_GitHubUserInfo_NhungNguyen.framework */ = {isa = PBXFileReference; explicitFileType = wrapper.framework; includeInIndex = 0; path = Pods_GitHubUserInfo_NhungNguyen.framework; sourceTree = BUILT_PRODUCTS_DIR; };
		303873082ADA6DE9F888B94C /* Pods-GitHubUserInfo_NhungNguyen.release.xcconfig */ = {isa = PBXFileReference; includeInIndex = 1; lastKnownFileType = text.xcconfig; name = "Pods-GitHubUserInfo_NhungNguyen.release.xcconfig"; path = "Target Support Files/Pods-GitHubUserInfo_NhungNguyen/Pods-GitHubUserInfo_NhungNguyen.release.xcconfig"; sourceTree = "<group>"; };
		5DCBFBE9CCD2D85475D4664C /* Pods-GitHubUserInfo_NhungNguyen.debug.xcconfig */ = {isa = PBXFileReference; includeInIndex = 1; lastKnownFileType = text.xcconfig; name = "Pods-GitHubUserInfo_NhungNguyen.debug.xcconfig"; path = "Target Support Files/Pods-GitHubUserInfo_NhungNguyen/Pods-GitHubUserInfo_NhungNguyen.debug.xcconfig"; sourceTree = "<group>"; };
		BA534C902D0D7C7600705ACA /* RetryPolicy.swift */ = {isa = PBXFileReference; lastKnownFileType = sourcecode.swift; path = RetryPolicy.swift; sourceTree = "<group>"; };
		BA534C922D0D7D0D00705ACA /* GitHubEndpoint.swift */ = {isa = PBXFileReference; lastKnownFileType = sourcecode.swift; path = GitHubEndpoint.swift; sourceTree = "<group>"; };
		BA534C942D0D7E9A00705ACA /* ResponseHandler.swift */ = {isa = PBXFileReference; lastKnownFileType = sourcecode.swift; path = ResponseHandler.swift; sourceTree = "<group>"; };
		BA534C962D0D7ECE00705ACA /* RequestBuilder.swift */ = {isa = PBXFileReference; lastKnownFileType = sourcecode.swift; path = RequestBuilder.swift; sourceTree = "<group>"; };
		BA534C982D0D7F5D00705ACA /* NetworkError.swift */ = {isa = PBXFileReference; lastKnownFileType = sourcecode.swift; path = NetworkError.swift; sourceTree = "<group>"; };
		BA534C9A2D0D851200705ACA /* GitHubUser.swift */ = {isa = PBXFileReference; lastKnownFileType = sourcecode.swift; path = GitHubUser.swift; sourceTree = "<group>"; };
		BA534C9C2D0D89DD00705ACA /* GitHubUserDetail.swift */ = {isa = PBXFileReference; lastKnownFileType = sourcecode.swift; path = GitHubUserDetail.swift; sourceTree = "<group>"; };
		BAC038A42D0B4E730033403D /* GitHubUserInfo_NhungNguyen.app */ = {isa = PBXFileReference; explicitFileType = wrapper.application; includeInIndex = 0; path = GitHubUserInfo_NhungNguyen.app; sourceTree = BUILT_PRODUCTS_DIR; };
		BAC038A72D0B4E730033403D /* AppDelegate.swift */ = {isa = PBXFileReference; lastKnownFileType = sourcecode.swift; path = AppDelegate.swift; sourceTree = "<group>"; };
		BAC038A92D0B4E730033403D /* SceneDelegate.swift */ = {isa = PBXFileReference; lastKnownFileType = sourcecode.swift; path = SceneDelegate.swift; sourceTree = "<group>"; };
		BAC038AB2D0B4E730033403D /* ViewController.swift */ = {isa = PBXFileReference; lastKnownFileType = sourcecode.swift; name = ViewController.swift; path = ../../../GitHubUserInfo_NhungNguyen/ViewController.swift; sourceTree = "<group>"; };
		BAC038B02D0B4E730033403D /* Assets.xcassets */ = {isa = PBXFileReference; lastKnownFileType = folder.assetcatalog; path = Assets.xcassets; sourceTree = "<group>"; };
		BAC038B52D0B4E730033403D /* Info.plist */ = {isa = PBXFileReference; lastKnownFileType = text.plist.xml; path = Info.plist; sourceTree = "<group>"; };
		BAC038BD2D0B4E940033403D /* MockCoreDataHelper.swift */ = {isa = PBXFileReference; fileEncoding = 4; lastKnownFileType = sourcecode.swift; path = MockCoreDataHelper.swift; sourceTree = "<group>"; };
		BAC038BE2D0B4E940033403D /* MockAPIService.swift */ = {isa = PBXFileReference; fileEncoding = 4; lastKnownFileType = sourcecode.swift; path = MockAPIService.swift; sourceTree = "<group>"; };
		BAC038C02D0B4E940033403D /* UserDetailViewModelTests.swift */ = {isa = PBXFileReference; fileEncoding = 4; lastKnownFileType = sourcecode.swift; path = UserDetailViewModelTests.swift; sourceTree = "<group>"; };
		BAC038C12D0B4E940033403D /* UserListViewModelTests.swift */ = {isa = PBXFileReference; fileEncoding = 4; lastKnownFileType = sourcecode.swift; path = UserListViewModelTests.swift; sourceTree = "<group>"; };
		BAC038C82D0B4EE40033403D /* AppCoordinator.swift */ = {isa = PBXFileReference; fileEncoding = 4; lastKnownFileType = sourcecode.swift; path = AppCoordinator.swift; sourceTree = "<group>"; };
		BAC038C92D0B4EE40033403D /* DIContainer.swift */ = {isa = PBXFileReference; fileEncoding = 4; lastKnownFileType = sourcecode.swift; path = DIContainer.swift; sourceTree = "<group>"; };
		BAC038DB2D0B50130033403D /* NetworkManager.swift */ = {isa = PBXFileReference; lastKnownFileType = sourcecode.swift; path = NetworkManager.swift; sourceTree = "<group>"; };
		BAC038DD2D0B50210033403D /* NetworkServiceProtocol.swift */ = {isa = PBXFileReference; lastKnownFileType = sourcecode.swift; path = NetworkServiceProtocol.swift; sourceTree = "<group>"; };
		BAC038DF2D0B50360033403D /* CoreDataHelper.swift */ = {isa = PBXFileReference; lastKnownFileType = sourcecode.swift; path = CoreDataHelper.swift; sourceTree = "<group>"; };
		BAC038E12D0B50430033403D /* CoreDataHelperProtocol.swift */ = {isa = PBXFileReference; lastKnownFileType = sourcecode.swift; path = CoreDataHelperProtocol.swift; sourceTree = "<group>"; };
		BAC038E52D0B50660033403D /* UserCardView.swift */ = {isa = PBXFileReference; lastKnownFileType = sourcecode.swift; path = UserCardView.swift; sourceTree = "<group>"; };
		BAEA6E0D2D0B6990007F0357 /* Launch Screen.storyboard */ = {isa = PBXFileReference; lastKnownFileType = file.storyboard; path = "Launch Screen.storyboard"; sourceTree = "<group>"; };
/* End PBXFileReference section */

/* Begin PBXFrameworksBuildPhase section */
		BAC038A12D0B4E730033403D /* Frameworks */ = {
			isa = PBXFrameworksBuildPhase;
			buildActionMask = 2147483647;
			files = (
				D0AD727AA1BEF40F2F9E947E /* Pods_GitHubUserInfo_NhungNguyen.framework in Frameworks */,
			);
			runOnlyForDeploymentPostprocessing = 0;
		};
/* End PBXFrameworksBuildPhase section */

/* Begin PBXGroup section */
		6D60D010BBB0F6DC53A47755 /* Pods */ = {
			isa = PBXGroup;
			children = (
				5DCBFBE9CCD2D85475D4664C /* Pods-GitHubUserInfo_NhungNguyen.debug.xcconfig */,
				303873082ADA6DE9F888B94C /* Pods-GitHubUserInfo_NhungNguyen.release.xcconfig */,
			);
			path = Pods;
			sourceTree = "<group>";
		};
		ACFE2467B8CA59B03CB4CA28 /* Frameworks */ = {
			isa = PBXGroup;
			children = (
				080ED8692B1F798269B6823F /* Pods_GitHubUserInfo_NhungNguyen.framework */,
			);
			name = Frameworks;
			sourceTree = "<group>";
		};
		BAC0389B2D0B4E730033403D = {
			isa = PBXGroup;
			children = (
				BAEA6E0D2D0B6990007F0357 /* Launch Screen.storyboard */,
				BAC038B52D0B4E730033403D /* Info.plist */,
				BAC038D72D0B4F120033403D /* Shared */,
				BAC038CC2D0B4EEE0033403D /* Modules */,
				BAC038C72D0B4EE40033403D /* Application */,
				BAC038C62D0B4EAD0033403D /* Resources */,
				BAC038BB2D0B4E940033403D /* Tests */,
				BAC038A52D0B4E730033403D /* Products */,
				6D60D010BBB0F6DC53A47755 /* Pods */,
				ACFE2467B8CA59B03CB4CA28 /* Frameworks */,
			);
			sourceTree = "<group>";
		};
		BAC038A52D0B4E730033403D /* Products */ = {
			isa = PBXGroup;
			children = (
				BAC038A42D0B4E730033403D /* GitHubUserInfo_NhungNguyen.app */,
			);
			name = Products;
			sourceTree = "<group>";
		};
		BAC038BB2D0B4E940033403D /* Tests */ = {
			isa = PBXGroup;
			children = (
				BAC038BC2D0B4E940033403D /* Shared */,
				BAC038BF2D0B4E940033403D /* Modules */,
			);
			path = Tests;
			sourceTree = "<group>";
		};
		BAC038BC2D0B4E940033403D /* Shared */ = {
			isa = PBXGroup;
			children = (
				BAC038BD2D0B4E940033403D /* MockCoreDataHelper.swift */,
				BAC038BE2D0B4E940033403D /* MockAPIService.swift */,
			);
			path = Shared;
			sourceTree = "<group>";
		};
		BAC038BF2D0B4E940033403D /* Modules */ = {
			isa = PBXGroup;
			children = (
				BAC038C02D0B4E940033403D /* UserDetailViewModelTests.swift */,
				BAC038C12D0B4E940033403D /* UserListViewModelTests.swift */,
			);
			path = Modules;
			sourceTree = "<group>";
		};
		BAC038C62D0B4EAD0033403D /* Resources */ = {
			isa = PBXGroup;
			children = (
				BAC038B02D0B4E730033403D /* Assets.xcassets */,
			);
			path = Resources;
			sourceTree = "<group>";
		};
		BAC038C72D0B4EE40033403D /* Application */ = {
			isa = PBXGroup;
			children = (
				BAC038A72D0B4E730033403D /* AppDelegate.swift */,
				BAC038A92D0B4E730033403D /* SceneDelegate.swift */,
				BAC038C82D0B4EE40033403D /* AppCoordinator.swift */,
				BAC038C92D0B4EE40033403D /* DIContainer.swift */,
			);
			path = Application;
			sourceTree = "<group>";
		};
		BAC038CC2D0B4EEE0033403D /* Modules */ = {
			isa = PBXGroup;
			children = (
				BAC038CD2D0B4EEE0033403D /* UserDetails */,
				BAC038D12D0B4EEE0033403D /* UserList */,
			);
			path = Modules;
			sourceTree = "<group>";
		};
		BAC038CD2D0B4EEE0033403D /* UserDetails */ = {
			isa = PBXGroup;
			children = (
				BAC038CE2D0B4EEE0033403D /* ViewModels */,
				BAC038CF2D0B4EEE0033403D /* Models */,
				BAC038D02D0B4EEE0033403D /* Views */,
			);
			path = UserDetails;
			sourceTree = "<group>";
		};
		BAC038CE2D0B4EEE0033403D /* ViewModels */ = {
			isa = PBXGroup;
			children = (
			);
			path = ViewModels;
			sourceTree = "<group>";
		};
		BAC038CF2D0B4EEE0033403D /* Models */ = {
			isa = PBXGroup;
			children = (
				BA534C9C2D0D89DD00705ACA /* GitHubUserDetail.swift */,
			);
			path = Models;
			sourceTree = "<group>";
		};
		BAC038D02D0B4EEE0033403D /* Views */ = {
			isa = PBXGroup;
			children = (
			);
			path = Views;
			sourceTree = "<group>";
		};
		BAC038D12D0B4EEE0033403D /* UserList */ = {
			isa = PBXGroup;
			children = (
				BAC038D22D0B4EEE0033403D /* ViewModels */,
				BAC038D32D0B4EEE0033403D /* Models */,
				BAC038D42D0B4EEE0033403D /* Views */,
			);
			path = UserList;
			sourceTree = "<group>";
		};
		BAC038D22D0B4EEE0033403D /* ViewModels */ = {
			isa = PBXGroup;
			children = (
			);
			path = ViewModels;
			sourceTree = "<group>";
		};
		BAC038D32D0B4EEE0033403D /* Models */ = {
			isa = PBXGroup;
			children = (
				BA534C9A2D0D851200705ACA /* GitHubUser.swift */,
			);
			path = Models;
			sourceTree = "<group>";
		};
		BAC038D42D0B4EEE0033403D /* Views */ = {
			isa = PBXGroup;
			children = (
				BAC038AB2D0B4E730033403D /* ViewController.swift */,
			);
			path = Views;
			sourceTree = "<group>";
		};
		BAC038D72D0B4F120033403D /* Shared */ = {
			isa = PBXGroup;
			children = (
				BAC038D82D0B4F120033403D /* Database */,
				BAC038D92D0B4F120033403D /* Networking */,
				BAC038DA2D0B4F120033403D /* UIComponents */,
			);
			path = Shared;
			sourceTree = "<group>";
		};
		BAC038D82D0B4F120033403D /* Database */ = {
			isa = PBXGroup;
			children = (
				BAC038DF2D0B50360033403D /* CoreDataHelper.swift */,
				BAC038E12D0B50430033403D /* CoreDataHelperProtocol.swift */,
			);
			path = Database;
			sourceTree = "<group>";
		};
		BAC038D92D0B4F120033403D /* Networking */ = {
			isa = PBXGroup;
			children = (
				BAC038DB2D0B50130033403D /* NetworkManager.swift */,
				BAC038DD2D0B50210033403D /* NetworkServiceProtocol.swift */,
				BA534C902D0D7C7600705ACA /* RetryPolicy.swift */,
				BA534C922D0D7D0D00705ACA /* GitHubEndpoint.swift */,
				BA534C942D0D7E9A00705ACA /* ResponseHandler.swift */,
				BA534C962D0D7ECE00705ACA /* RequestBuilder.swift */,
				BA534C982D0D7F5D00705ACA /* NetworkError.swift */,
			);
			path = Networking;
			sourceTree = "<group>";
		};
		BAC038DA2D0B4F120033403D /* UIComponents */ = {
			isa = PBXGroup;
			children = (
				BAC038E52D0B50660033403D /* UserCardView.swift */,
			);
			path = UIComponents;
			sourceTree = "<group>";
		};
/* End PBXGroup section */

/* Begin PBXNativeTarget section */
		BAC038A32D0B4E730033403D /* GitHubUserInfo_NhungNguyen */ = {
			isa = PBXNativeTarget;
			buildConfigurationList = BAC038B82D0B4E730033403D /* Build configuration list for PBXNativeTarget "GitHubUserInfo_NhungNguyen" */;
			buildPhases = (
				1578B1E98F8765DF09A1F8C0 /* [CP] Check Pods Manifest.lock */,
				BAC038A02D0B4E730033403D /* Sources */,
				BAC038A12D0B4E730033403D /* Frameworks */,
				BAC038A22D0B4E730033403D /* Resources */,
				AB6462EC3E569094689B1451 /* [CP] Embed Pods Frameworks */,
			);
			buildRules = (
			);
			dependencies = (
			);
			name = GitHubUserInfo_NhungNguyen;
			productName = GitHubUserInfo_NhungNguyen;
			productReference = BAC038A42D0B4E730033403D /* GitHubUserInfo_NhungNguyen.app */;
			productType = "com.apple.product-type.application";
		};
/* End PBXNativeTarget section */

/* Begin PBXProject section */
		BAC0389C2D0B4E730033403D /* Project object */ = {
			isa = PBXProject;
			attributes = {
				BuildIndependentTargetsInParallel = 1;
				LastSwiftUpdateCheck = 1500;
				LastUpgradeCheck = 1500;
				TargetAttributes = {
					BAC038A32D0B4E730033403D = {
						CreatedOnToolsVersion = 15.0.1;
					};
				};
			};
			buildConfigurationList = BAC0389F2D0B4E730033403D /* Build configuration list for PBXProject "GitHubUserInfo_NhungNguyen" */;
			compatibilityVersion = "Xcode 14.0";
			developmentRegion = en;
			hasScannedForEncodings = 0;
			knownRegions = (
				en,
				Base,
			);
			mainGroup = BAC0389B2D0B4E730033403D;
			productRefGroup = BAC038A52D0B4E730033403D /* Products */;
			projectDirPath = "";
			projectRoot = "";
			targets = (
				BAC038A32D0B4E730033403D /* GitHubUserInfo_NhungNguyen */,
			);
		};
/* End PBXProject section */

/* Begin PBXResourcesBuildPhase section */
		BAC038A22D0B4E730033403D /* Resources */ = {
			isa = PBXResourcesBuildPhase;
			buildActionMask = 2147483647;
			files = (
				BAC038B12D0B4E730033403D /* Assets.xcassets in Resources */,
			);
			runOnlyForDeploymentPostprocessing = 0;
		};
/* End PBXResourcesBuildPhase section */

/* Begin PBXShellScriptBuildPhase section */
		1578B1E98F8765DF09A1F8C0 /* [CP] Check Pods Manifest.lock */ = {
			isa = PBXShellScriptBuildPhase;
			buildActionMask = 2147483647;
			files = (
			);
			inputFileListPaths = (
			);
			inputPaths = (
				"${PODS_PODFILE_DIR_PATH}/Podfile.lock",
				"${PODS_ROOT}/Manifest.lock",
			);
			name = "[CP] Check Pods Manifest.lock";
			outputFileListPaths = (
			);
			outputPaths = (
				"$(DERIVED_FILE_DIR)/Pods-GitHubUserInfo_NhungNguyen-checkManifestLockResult.txt",
			);
			runOnlyForDeploymentPostprocessing = 0;
			shellPath = /bin/sh;
			shellScript = "diff \"${PODS_PODFILE_DIR_PATH}/Podfile.lock\" \"${PODS_ROOT}/Manifest.lock\" > /dev/null\nif [ $? != 0 ] ; then\n    # print error to STDERR\n    echo \"error: The sandbox is not in sync with the Podfile.lock. Run 'pod install' or update your CocoaPods installation.\" >&2\n    exit 1\nfi\n# This output is used by Xcode 'outputs' to avoid re-running this script phase.\necho \"SUCCESS\" > \"${SCRIPT_OUTPUT_FILE_0}\"\n";
			showEnvVarsInLog = 0;
		};
		AB6462EC3E569094689B1451 /* [CP] Embed Pods Frameworks */ = {
			isa = PBXShellScriptBuildPhase;
			buildActionMask = 2147483647;
			files = (
			);
			inputFileListPaths = (
				"${PODS_ROOT}/Target Support Files/Pods-GitHubUserInfo_NhungNguyen/Pods-GitHubUserInfo_NhungNguyen-frameworks-${CONFIGURATION}-input-files.xcfilelist",
			);
			name = "[CP] Embed Pods Frameworks";
			outputFileListPaths = (
				"${PODS_ROOT}/Target Support Files/Pods-GitHubUserInfo_NhungNguyen/Pods-GitHubUserInfo_NhungNguyen-frameworks-${CONFIGURATION}-output-files.xcfilelist",
			);
			runOnlyForDeploymentPostprocessing = 0;
			shellPath = /bin/sh;
			shellScript = "\"${PODS_ROOT}/Target Support Files/Pods-GitHubUserInfo_NhungNguyen/Pods-GitHubUserInfo_NhungNguyen-frameworks.sh\"\n";
			showEnvVarsInLog = 0;
		};
/* End PBXShellScriptBuildPhase section */

/* Begin PBXSourcesBuildPhase section */
		BAC038A02D0B4E730033403D /* Sources */ = {
			isa = PBXSourcesBuildPhase;
			buildActionMask = 2147483647;
			files = (
				BA534C9B2D0D851200705ACA /* GitHubUser.swift in Sources */,
				BAC038DE2D0B50210033403D /* NetworkServiceProtocol.swift in Sources */,
				BAC038C42D0B4E940033403D /* UserDetailViewModelTests.swift in Sources */,
				BA534C912D0D7C7600705ACA /* RetryPolicy.swift in Sources */,
				BA534C932D0D7D0D00705ACA /* GitHubEndpoint.swift in Sources */,
				BAC038C22D0B4E940033403D /* MockCoreDataHelper.swift in Sources */,
				BAC038C32D0B4E940033403D /* MockAPIService.swift in Sources */,
				BAC038DC2D0B50130033403D /* NetworkManager.swift in Sources */,
				BAC038C52D0B4E940033403D /* UserListViewModelTests.swift in Sources */,
				BAC038CA2D0B4EE40033403D /* AppCoordinator.swift in Sources */,
				BA534C992D0D7F5D00705ACA /* NetworkError.swift in Sources */,
				BAC038E22D0B50430033403D /* CoreDataHelperProtocol.swift in Sources */,
				BAC038E62D0B50660033403D /* UserCardView.swift in Sources */,
				BA534C952D0D7E9A00705ACA /* ResponseHandler.swift in Sources */,
				BAC038E02D0B50360033403D /* CoreDataHelper.swift in Sources */,
				BAC038AC2D0B4E730033403D /* ViewController.swift in Sources */,
				BAC038A82D0B4E730033403D /* AppDelegate.swift in Sources */,
				BAC038CB2D0B4EE40033403D /* DIContainer.swift in Sources */,
				BA534C9D2D0D89DD00705ACA /* GitHubUserDetail.swift in Sources */,
				BA534C972D0D7ECE00705ACA /* RequestBuilder.swift in Sources */,
				BAC038AA2D0B4E730033403D /* SceneDelegate.swift in Sources */,
			);
			runOnlyForDeploymentPostprocessing = 0;
		};
/* End PBXSourcesBuildPhase section */

/* Begin XCBuildConfiguration section */
		BAC038B62D0B4E730033403D /* Debug */ = {
			isa = XCBuildConfiguration;
			buildSettings = {
				ALWAYS_SEARCH_USER_PATHS = NO;
				ASSETCATALOG_COMPILER_GENERATE_SWIFT_ASSET_SYMBOL_EXTENSIONS = YES;
				CLANG_ANALYZER_NONNULL = YES;
				CLANG_ANALYZER_NUMBER_OBJECT_CONVERSION = YES_AGGRESSIVE;
				CLANG_CXX_LANGUAGE_STANDARD = "gnu++20";
				CLANG_ENABLE_MODULES = YES;
				CLANG_ENABLE_OBJC_ARC = YES;
				CLANG_ENABLE_OBJC_WEAK = YES;
				CLANG_WARN_BLOCK_CAPTURE_AUTORELEASING = YES;
				CLANG_WARN_BOOL_CONVERSION = YES;
				CLANG_WARN_COMMA = YES;
				CLANG_WARN_CONSTANT_CONVERSION = YES;
				CLANG_WARN_DEPRECATED_OBJC_IMPLEMENTATIONS = YES;
				CLANG_WARN_DIRECT_OBJC_ISA_USAGE = YES_ERROR;
				CLANG_WARN_DOCUMENTATION_COMMENTS = YES;
				CLANG_WARN_EMPTY_BODY = YES;
				CLANG_WARN_ENUM_CONVERSION = YES;
				CLANG_WARN_INFINITE_RECURSION = YES;
				CLANG_WARN_INT_CONVERSION = YES;
				CLANG_WARN_NON_LITERAL_NULL_CONVERSION = YES;
				CLANG_WARN_OBJC_IMPLICIT_RETAIN_SELF = YES;
				CLANG_WARN_OBJC_LITERAL_CONVERSION = YES;
				CLANG_WARN_OBJC_ROOT_CLASS = YES_ERROR;
				CLANG_WARN_QUOTED_INCLUDE_IN_FRAMEWORK_HEADER = YES;
				CLANG_WARN_RANGE_LOOP_ANALYSIS = YES;
				CLANG_WARN_STRICT_PROTOTYPES = YES;
				CLANG_WARN_SUSPICIOUS_MOVE = YES;
				CLANG_WARN_UNGUARDED_AVAILABILITY = YES_AGGRESSIVE;
				CLANG_WARN_UNREACHABLE_CODE = YES;
				CLANG_WARN__DUPLICATE_METHOD_MATCH = YES;
				COPY_PHASE_STRIP = NO;
				DEBUG_INFORMATION_FORMAT = dwarf;
				ENABLE_STRICT_OBJC_MSGSEND = YES;
				ENABLE_TESTABILITY = YES;
				ENABLE_USER_SCRIPT_SANDBOXING = YES;
				GCC_C_LANGUAGE_STANDARD = gnu17;
				GCC_DYNAMIC_NO_PIC = NO;
				GCC_NO_COMMON_BLOCKS = YES;
				GCC_OPTIMIZATION_LEVEL = 0;
				GCC_PREPROCESSOR_DEFINITIONS = (
					"DEBUG=1",
					"$(inherited)",
				);
				GCC_WARN_64_TO_32_BIT_CONVERSION = YES;
				GCC_WARN_ABOUT_RETURN_TYPE = YES_ERROR;
				GCC_WARN_UNDECLARED_SELECTOR = YES;
				GCC_WARN_UNINITIALIZED_AUTOS = YES_AGGRESSIVE;
				GCC_WARN_UNUSED_FUNCTION = YES;
				GCC_WARN_UNUSED_VARIABLE = YES;
				IPHONEOS_DEPLOYMENT_TARGET = 13.0;
				LOCALIZATION_PREFERS_STRING_CATALOGS = YES;
				MTL_ENABLE_DEBUG_INFO = INCLUDE_SOURCE;
				MTL_FAST_MATH = YES;
				ONLY_ACTIVE_ARCH = YES;
				SDKROOT = iphoneos;
				SWIFT_ACTIVE_COMPILATION_CONDITIONS = "DEBUG $(inherited)";
				SWIFT_OPTIMIZATION_LEVEL = "-Onone";
			};
			name = Debug;
		};
		BAC038B72D0B4E730033403D /* Release */ = {
			isa = XCBuildConfiguration;
			buildSettings = {
				ALWAYS_SEARCH_USER_PATHS = NO;
				ASSETCATALOG_COMPILER_GENERATE_SWIFT_ASSET_SYMBOL_EXTENSIONS = YES;
				CLANG_ANALYZER_NONNULL = YES;
				CLANG_ANALYZER_NUMBER_OBJECT_CONVERSION = YES_AGGRESSIVE;
				CLANG_CXX_LANGUAGE_STANDARD = "gnu++20";
				CLANG_ENABLE_MODULES = YES;
				CLANG_ENABLE_OBJC_ARC = YES;
				CLANG_ENABLE_OBJC_WEAK = YES;
				CLANG_WARN_BLOCK_CAPTURE_AUTORELEASING = YES;
				CLANG_WARN_BOOL_CONVERSION = YES;
				CLANG_WARN_COMMA = YES;
				CLANG_WARN_CONSTANT_CONVERSION = YES;
				CLANG_WARN_DEPRECATED_OBJC_IMPLEMENTATIONS = YES;
				CLANG_WARN_DIRECT_OBJC_ISA_USAGE = YES_ERROR;
				CLANG_WARN_DOCUMENTATION_COMMENTS = YES;
				CLANG_WARN_EMPTY_BODY = YES;
				CLANG_WARN_ENUM_CONVERSION = YES;
				CLANG_WARN_INFINITE_RECURSION = YES;
				CLANG_WARN_INT_CONVERSION = YES;
				CLANG_WARN_NON_LITERAL_NULL_CONVERSION = YES;
				CLANG_WARN_OBJC_IMPLICIT_RETAIN_SELF = YES;
				CLANG_WARN_OBJC_LITERAL_CONVERSION = YES;
				CLANG_WARN_OBJC_ROOT_CLASS = YES_ERROR;
				CLANG_WARN_QUOTED_INCLUDE_IN_FRAMEWORK_HEADER = YES;
				CLANG_WARN_RANGE_LOOP_ANALYSIS = YES;
				CLANG_WARN_STRICT_PROTOTYPES = YES;
				CLANG_WARN_SUSPICIOUS_MOVE = YES;
				CLANG_WARN_UNGUARDED_AVAILABILITY = YES_AGGRESSIVE;
				CLANG_WARN_UNREACHABLE_CODE = YES;
				CLANG_WARN__DUPLICATE_METHOD_MATCH = YES;
				COPY_PHASE_STRIP = NO;
				DEBUG_INFORMATION_FORMAT = "dwarf-with-dsym";
				ENABLE_NS_ASSERTIONS = NO;
				ENABLE_STRICT_OBJC_MSGSEND = YES;
				ENABLE_USER_SCRIPT_SANDBOXING = YES;
				GCC_C_LANGUAGE_STANDARD = gnu17;
				GCC_NO_COMMON_BLOCKS = YES;
				GCC_WARN_64_TO_32_BIT_CONVERSION = YES;
				GCC_WARN_ABOUT_RETURN_TYPE = YES_ERROR;
				GCC_WARN_UNDECLARED_SELECTOR = YES;
				GCC_WARN_UNINITIALIZED_AUTOS = YES_AGGRESSIVE;
				GCC_WARN_UNUSED_FUNCTION = YES;
				GCC_WARN_UNUSED_VARIABLE = YES;
				IPHONEOS_DEPLOYMENT_TARGET = 13.0;
				LOCALIZATION_PREFERS_STRING_CATALOGS = YES;
				MTL_ENABLE_DEBUG_INFO = NO;
				MTL_FAST_MATH = YES;
				SDKROOT = iphoneos;
				SWIFT_COMPILATION_MODE = wholemodule;
				VALIDATE_PRODUCT = YES;
			};
			name = Release;
		};
		BAC038B92D0B4E730033403D /* Debug */ = {
			isa = XCBuildConfiguration;
			baseConfigurationReference = 5DCBFBE9CCD2D85475D4664C /* Pods-GitHubUserInfo_NhungNguyen.debug.xcconfig */;
			buildSettings = {
				ASSETCATALOG_COMPILER_APPICON_NAME = AppIcon;
				ASSETCATALOG_COMPILER_GLOBAL_ACCENT_COLOR_NAME = AccentColor;
				CODE_SIGN_STYLE = Automatic;
				CURRENT_PROJECT_VERSION = 1;
				DEVELOPMENT_TEAM = ULQFGGR824;
				ENABLE_USER_SCRIPT_SANDBOXING = NO;
				GENERATE_INFOPLIST_FILE = YES;
				INFOPLIST_FILE = "$(PROJECT_DIR)/Info.plist";
				INFOPLIST_KEY_UIApplicationSupportsIndirectInputEvents = YES;
				INFOPLIST_KEY_UILaunchScreen_Generation = YES;
				INFOPLIST_KEY_UISupportedInterfaceOrientations_iPad = "UIInterfaceOrientationPortrait UIInterfaceOrientationPortraitUpsideDown UIInterfaceOrientationLandscapeLeft UIInterfaceOrientationLandscapeRight";
				INFOPLIST_KEY_UISupportedInterfaceOrientations_iPhone = "UIInterfaceOrientationPortrait UIInterfaceOrientationLandscapeLeft UIInterfaceOrientationLandscapeRight";
				LD_RUNPATH_SEARCH_PATHS = (
					"$(inherited)",
					"@executable_path/Frameworks",
				);
				MARKETING_VERSION = 1.0;
				PRODUCT_BUNDLE_IDENTIFIER = "com.jenny.nguyenthituyetnhung.GitHubUserInfo-NhungNguyen";
				PRODUCT_NAME = "$(TARGET_NAME)";
				SWIFT_EMIT_LOC_STRINGS = YES;
				SWIFT_VERSION = 5.0;
				TARGETED_DEVICE_FAMILY = "1,2";
			};
			name = Debug;
		};
		BAC038BA2D0B4E730033403D /* Release */ = {
			isa = XCBuildConfiguration;
			baseConfigurationReference = 303873082ADA6DE9F888B94C /* Pods-GitHubUserInfo_NhungNguyen.release.xcconfig */;
			buildSettings = {
				ASSETCATALOG_COMPILER_APPICON_NAME = AppIcon;
				ASSETCATALOG_COMPILER_GLOBAL_ACCENT_COLOR_NAME = AccentColor;
				CODE_SIGN_STYLE = Automatic;
				CURRENT_PROJECT_VERSION = 1;
				DEVELOPMENT_TEAM = ULQFGGR824;
				ENABLE_USER_SCRIPT_SANDBOXING = NO;
				GENERATE_INFOPLIST_FILE = YES;
				INFOPLIST_FILE = "$(PROJECT_DIR)/Info.plist";
				INFOPLIST_KEY_UIApplicationSupportsIndirectInputEvents = YES;
				INFOPLIST_KEY_UILaunchScreen_Generation = YES;
				INFOPLIST_KEY_UISupportedInterfaceOrientations_iPad = "UIInterfaceOrientationPortrait UIInterfaceOrientationPortraitUpsideDown UIInterfaceOrientationLandscapeLeft UIInterfaceOrientationLandscapeRight";
				INFOPLIST_KEY_UISupportedInterfaceOrientations_iPhone = "UIInterfaceOrientationPortrait UIInterfaceOrientationLandscapeLeft UIInterfaceOrientationLandscapeRight";
				LD_RUNPATH_SEARCH_PATHS = (
					"$(inherited)",
					"@executable_path/Frameworks",
				);
				MARKETING_VERSION = 1.0;
				PRODUCT_BUNDLE_IDENTIFIER = "com.jenny.nguyenthituyetnhung.GitHubUserInfo-NhungNguyen";
				PRODUCT_NAME = "$(TARGET_NAME)";
				SWIFT_EMIT_LOC_STRINGS = YES;
				SWIFT_VERSION = 5.0;
				TARGETED_DEVICE_FAMILY = "1,2";
			};
			name = Release;
		};
/* End XCBuildConfiguration section */

/* Begin XCConfigurationList section */
		BAC0389F2D0B4E730033403D /* Build configuration list for PBXProject "GitHubUserInfo_NhungNguyen" */ = {
			isa = XCConfigurationList;
			buildConfigurations = (
				BAC038B62D0B4E730033403D /* Debug */,
				BAC038B72D0B4E730033403D /* Release */,
			);
			defaultConfigurationIsVisible = 0;
			defaultConfigurationName = Release;
		};
		BAC038B82D0B4E730033403D /* Build configuration list for PBXNativeTarget "GitHubUserInfo_NhungNguyen" */ = {
			isa = XCConfigurationList;
			buildConfigurations = (
				BAC038B92D0B4E730033403D /* Debug */,
				BAC038BA2D0B4E730033403D /* Release */,
			);
			defaultConfigurationIsVisible = 0;
			defaultConfigurationName = Release;
		};
/* End XCConfigurationList section */
	};
	rootObject = BAC0389C2D0B4E730033403D /* Project object */;
}
